
Microsoft Visual Studio Solution File, Format Version 12.00
# Visual Studio Version 16
VisualStudioVersion = 16.0.32228.343
MinimumVisualStudioVersion = 10.0.40219.1
Project("{FAE04EC0-301F-11D3-BF4B-00C04F79EFBC}") = "mvc-web-application", "mvc-web-application.csproj", "{3124779B-A5B7-43D1-B3E5-5FFD7ABA4C24}"
EndProject
Global
	GlobalSection(SolutionConfigurationPlatforms) = preSolution
		Debug|Any CPU = Debug|Any CPU
		Release|Any CPU = Release|Any CPU
	EndGlobalSection
	GlobalSection(ProjectConfigurationPlatforms) = postSolution
		{3124779B-A5B7-43D1-B3E5-5FFD7ABA4C24}.Debug|Any CPU.ActiveCfg = Debug|Any CPU
		{3124779B-A5B7-43D1-B3E5-5FFD7ABA4C24}.Debug|Any CPU.Build.0 = Debug|Any CPU
		{3124779B-A5B7-43D1-B3E5-5FFD7ABA4C24}.Release|Any CPU.ActiveCfg = Release|Any CPU
		{3124779B-A5B7-43D1-B3E5-5FFD7ABA4C24}.Release|Any CPU.Build.0 = Release|Any CPU
	EndGlobalSection
	GlobalSection(SolutionProperties) = preSolution
		HideSolutionNode = FALSE
	EndGlobalSection
	GlobalSection(ExtensibilityGlobals) = postSolution
		SolutionGuid = {91559DCA-69E4-48BB-865B-9DD0B54D299F}
	EndGlobalSection
EndGlobal
